
Microsoft Visual Studio Solution File, Format Version 12.00
# Visual Studio Version 16
VisualStudioVersion = 16.0.30804.86
MinimumVisualStudioVersion = 10.0.40219.1
Project("{FAE04EC0-301F-11D3-BF4B-00C04F79EFBC}") = "WPF Exam3", "WPF Exam3\WPF Exam3.csproj", "{F554C2C4-8DD1-482F-95E8-9B6E60240F90}"
EndProject
Global
	GlobalSection(SolutionConfigurationPlatforms) = preSolution
		Debug|Any CPU = Debug|Any CPU
		Release|Any CPU = Release|Any CPU
	EndGlobalSection
	GlobalSection(ProjectConfigurationPlatforms) = postSolution
		{F554C2C4-8DD1-482F-95E8-9B6E60240F90}.Debug|Any CPU.ActiveCfg = Debug|Any CPU
		{F554C2C4-8DD1-482F-95E8-9B6E60240F90}.Debug|Any CPU.Build.0 = Debug|Any CPU
		{F554C2C4-8DD1-482F-95E8-9B6E60240F90}.Release|Any CPU.ActiveCfg = Release|Any CPU
		{F554C2C4-8DD1-482F-95E8-9B6E60240F90}.Release|Any CPU.Build.0 = Release|Any CPU
	EndGlobalSection
	GlobalSection(SolutionProperties) = preSolution
		HideSolutionNode = FALSE
	EndGlobalSection
	GlobalSection(ExtensibilityGlobals) = postSolution
		SolutionGuid = {7B8E9EE6-C504-402B-8D77-512F992FD6FC}
	EndGlobalSection
EndGlobal
